// !$*UTF8*$!
{
	archiveVersion = 1;
	classes = {
	};
	objectVersion = 55;
	objects = {

/* Begin PBXBuildFile section */
		68937B1328C342D600105A03 /* AppDelegate.swift in Sources */ = {isa = PBXBuildFile; fileRef = 68937B1228C342D600105A03 /* AppDelegate.swift */; };
		68937B1528C342D600105A03 /* art.scnassets in Resources */ = {isa = PBXBuildFile; fileRef = 68937B1428C342D600105A03 /* art.scnassets */; };
		68937B1728C342D600105A03 /* ViewController.swift in Sources */ = {isa = PBXBuildFile; fileRef = 68937B1628C342D600105A03 /* ViewController.swift */; };
		68937B1A28C342D600105A03 /* Main.storyboard in Resources */ = {isa = PBXBuildFile; fileRef = 68937B1828C342D600105A03 /* Main.storyboard */; };
		68937B1C28C342D800105A03 /* Assets.xcassets in Resources */ = {isa = PBXBuildFile; fileRef = 68937B1B28C342D800105A03 /* Assets.xcassets */; };
		68937B1F28C342D800105A03 /* LaunchScreen.storyboard in Resources */ = {isa = PBXBuildFile; fileRef = 68937B1D28C342D800105A03 /* LaunchScreen.storyboard */; };
		68937B2928C342D800105A03 /* Hello_ARTests.swift in Sources */ = {isa = PBXBuildFile; fileRef = 68937B2828C342D800105A03 /* Hello_ARTests.swift */; };
		68937B3328C342D800105A03 /* Hello_ARUITests.swift in Sources */ = {isa = PBXBuildFile; fileRef = 68937B3228C342D800105A03 /* Hello_ARUITests.swift */; };
		68937B3528C342D800105A03 /* Hello_ARUITestsLaunchTests.swift in Sources */ = {isa = PBXBuildFile; fileRef = 68937B3428C342D800105A03 /* Hello_ARUITestsLaunchTests.swift */; };
/* End PBXBuildFile section */

/* Begin PBXContainerItemProxy section */
		68937B2528C342D800105A03 /* PBXContainerItemProxy */ = {
			isa = PBXContainerItemProxy;
			containerPortal = 68937B0728C342D600105A03 /* Project object */;
			proxyType = 1;
			remoteGlobalIDString = 68937B0E28C342D600105A03;
			remoteInfo = "Hello-AR";
		};
		68937B2F28C342D800105A03 /* PBXContainerItemProxy */ = {
			isa = PBXContainerItemProxy;
			containerPortal = 68937B0728C342D600105A03 /* Project object */;
			proxyType = 1;
			remoteGlobalIDString = 68937B0E28C342D600105A03;
			remoteInfo = "Hello-AR";
		};
/* End PBXContainerItemProxy section */

/* Begin PBXFileReference section */
		68937B0F28C342D600105A03 /* Hello-AR.app */ = {isa = PBXFileReference; explicitFileType = wrapper.application; includeInIndex = 0; path = "Hello-AR.app"; sourceTree = BUILT_PRODUCTS_DIR; };
		68937B1228C342D600105A03 /* AppDelegate.swift */ = {isa = PBXFileReference; lastKnownFileType = sourcecode.swift; path = AppDelegate.swift; sourceTree = "<group>"; };
		68937B1428C342D600105A03 /* art.scnassets */ = {isa = PBXFileReference; lastKnownFileType = wrapper.scnassets; path = art.scnassets; sourceTree = "<group>"; };
		68937B1628C342D600105A03 /* ViewController.swift */ = {isa = PBXFileReference; lastKnownFileType = sourcecode.swift; path = ViewController.swift; sourceTree = "<group>"; };
		68937B1928C342D600105A03 /* Base */ = {isa = PBXFileReference; lastKnownFileType = file.storyboard; name = Base; path = Base.lproj/Main.storyboard; sourceTree = "<group>"; };
		68937B1B28C342D800105A03 /* Assets.xcassets */ = {isa = PBXFileReference; lastKnownFileType = folder.assetcatalog; path = Assets.xcassets; sourceTree = "<group>"; };
		68937B1E28C342D800105A03 /* Base */ = {isa = PBXFileReference; lastKnownFileType = file.storyboard; name = Base; path = Base.lproj/LaunchScreen.storyboard; sourceTree = "<group>"; };
		68937B2428C342D800105A03 /* Hello-ARTests.xctest */ = {isa = PBXFileReference; explicitFileType = wrapper.cfbundle; includeInIndex = 0; path = "Hello-ARTests.xctest"; sourceTree = BUILT_PRODUCTS_DIR; };
		68937B2828C342D800105A03 /* Hello_ARTests.swift */ = {isa = PBXFileReference; lastKnownFileType = sourcecode.swift; path = Hello_ARTests.swift; sourceTree = "<group>"; };
		68937B2E28C342D800105A03 /* Hello-ARUITests.xctest */ = {isa = PBXFileReference; explicitFileType = wrapper.cfbundle; includeInIndex = 0; path = "Hello-ARUITests.xctest"; sourceTree = BUILT_PRODUCTS_DIR; };
		68937B3228C342D800105A03 /* Hello_ARUITests.swift */ = {isa = PBXFileReference; lastKnownFileType = sourcecode.swift; path = Hello_ARUITests.swift; sourceTree = "<group>"; };
		68937B3428C342D800105A03 /* Hello_ARUITestsLaunchTests.swift */ = {isa = PBXFileReference; lastKnownFileType = sourcecode.swift; path = Hello_ARUITestsLaunchTests.swift; sourceTree = "<group>"; };
/* End PBXFileReference section */

/* Begin PBXFrameworksBuildPhase section */
		68937B0C28C342D600105A03 /* Frameworks */ = {
			isa = PBXFrameworksBuildPhase;
			buildActionMask = 2147483647;
			files = (
			);
			runOnlyForDeploymentPostprocessing = 0;
		};
		68937B2128C342D800105A03 /* Frameworks */ = {
			isa = PBXFrameworksBuildPhase;
			buildActionMask = 2147483647;
			files = (
			);
			runOnlyForDeploymentPostprocessing = 0;
		};
		68937B2B28C342D800105A03 /* Frameworks */ = {
			isa = PBXFrameworksBuildPhase;
			buildActionMask = 2147483647;
			files = (
			);
			runOnlyForDeploymentPostprocessing = 0;
		};
/* End PBXFrameworksBuildPhase section */

/* Begin PBXGroup section */
		68937B0628C342D600105A03 = {
			isa = PBXGroup;
			children = (
				68937B1128C342D600105A03 /* Hello-AR */,
				68937B2728C342D800105A03 /* Hello-ARTests */,
				68937B3128C342D800105A03 /* Hello-ARUITests */,
				68937B1028C342D600105A03 /* Products */,
			);
			sourceTree = "<group>";
		};
		68937B1028C342D600105A03 /* Products */ = {
			isa = PBXGroup;
			children = (
				68937B0F28C342D600105A03 /* Hello-AR.app */,
				68937B2428C342D800105A03 /* Hello-ARTests.xctest */,
				68937B2E28C342D800105A03 /* Hello-ARUITests.xctest */,
			);
			name = Products;
			sourceTree = "<group>";
		};
		68937B1128C342D600105A03 /* Hello-AR */ = {
			isa = PBXGroup;
			children = (
				68937B1228C342D600105A03 /* AppDelegate.swift */,
				68937B1428C342D600105A03 /* art.scnassets */,
				68937B1628C342D600105A03 /* ViewController.swift */,
				68937B1828C342D600105A03 /* Main.storyboard */,
				68937B1B28C342D800105A03 /* Assets.xcassets */,
				68937B1D28C342D800105A03 /* LaunchScreen.storyboard */,
			);
			path = "Hello-AR";
			sourceTree = "<group>";
		};
		68937B2728C342D800105A03 /* Hello-ARTests */ = {
			isa = PBXGroup;
			children = (
				68937B2828C342D800105A03 /* Hello_ARTests.swift */,
			);
			path = "Hello-ARTests";
			sourceTree = "<group>";
		};
		68937B3128C342D800105A03 /* Hello-ARUITests */ = {
			isa = PBXGroup;
			children = (
				68937B3228C342D800105A03 /* Hello_ARUITests.swift */,
				68937B3428C342D800105A03 /* Hello_ARUITestsLaunchTests.swift */,
			);
			path = "Hello-ARUITests";
			sourceTree = "<group>";
		};
/* End PBXGroup section */

/* Begin PBXNativeTarget section */
		68937B0E28C342D600105A03 /* Hello-AR */ = {
			isa = PBXNativeTarget;
			buildConfigurationList = 68937B3828C342D800105A03 /* Build configuration list for PBXNativeTarget "Hello-AR" */;
			buildPhases = (
				68937B0B28C342D600105A03 /* Sources */,
				68937B0C28C342D600105A03 /* Frameworks */,
				68937B0D28C342D600105A03 /* Resources */,
			);
			buildRules = (
			);
			dependencies = (
			);
			name = "Hello-AR";
			productName = "Hello-AR";
			productReference = 68937B0F28C342D600105A03 /* Hello-AR.app */;
			productType = "com.apple.product-type.application";
		};
		68937B2328C342D800105A03 /* Hello-ARTests */ = {
			isa = PBXNativeTarget;
			buildConfigurationList = 68937B3B28C342D800105A03 /* Build configuration list for PBXNativeTarget "Hello-ARTests" */;
			buildPhases = (
				68937B2028C342D800105A03 /* Sources */,
				68937B2128C342D800105A03 /* Frameworks */,
				68937B2228C342D800105A03 /* Resources */,
			);
			buildRules = (
			);
			dependencies = (
				68937B2628C342D800105A03 /* PBXTargetDependency */,
			);
			name = "Hello-ARTests";
			productName = "Hello-ARTests";
			productReference = 68937B2428C342D800105A03 /* Hello-ARTests.xctest */;
			productType = "com.apple.product-type.bundle.unit-test";
		};
		68937B2D28C342D800105A03 /* Hello-ARUITests */ = {
			isa = PBXNativeTarget;
			buildConfigurationList = 68937B3E28C342D800105A03 /* Build configuration list for PBXNativeTarget "Hello-ARUITests" */;
			buildPhases = (
				68937B2A28C342D800105A03 /* Sources */,
				68937B2B28C342D800105A03 /* Frameworks */,
				68937B2C28C342D800105A03 /* Resources */,
			);
			buildRules = (
			);
			dependencies = (
				68937B3028C342D800105A03 /* PBXTargetDependency */,
			);
			name = "Hello-ARUITests";
			productName = "Hello-ARUITests";
			productReference = 68937B2E28C342D800105A03 /* Hello-ARUITests.xctest */;
			productType = "com.apple.product-type.bundle.ui-testing";
		};
/* End PBXNativeTarget section */

/* Begin PBXProject section */
		68937B0728C342D600105A03 /* Project object */ = {
			isa = PBXProject;
			attributes = {
				BuildIndependentTargetsInParallel = 1;
				LastSwiftUpdateCheck = 1340;
				LastUpgradeCheck = 1340;
				TargetAttributes = {
					68937B0E28C342D600105A03 = {
						CreatedOnToolsVersion = 13.4.1;
					};
					68937B2328C342D800105A03 = {
						CreatedOnToolsVersion = 13.4.1;
						TestTargetID = 68937B0E28C342D600105A03;
					};
					68937B2D28C342D800105A03 = {
						CreatedOnToolsVersion = 13.4.1;
						TestTargetID = 68937B0E28C342D600105A03;
					};
				};
			};
			buildConfigurationList = 68937B0A28C342D600105A03 /* Build configuration list for PBXProject "Hello-AR" */;
			compatibilityVersion = "Xcode 13.0";
			developmentRegion = en;
			hasScannedForEncodings = 0;
			knownRegions = (
				en,
				Base,
			);
			mainGroup = 68937B0628C342D600105A03;
			productRefGroup = 68937B1028C342D600105A03 /* Products */;
			projectDirPath = "";
			projectRoot = "";
			targets = (
				68937B0E28C342D600105A03 /* Hello-AR */,
				68937B2328C342D800105A03 /* Hello-ARTests */,
				68937B2D28C342D800105A03 /* Hello-ARUITests */,
			);
		};
/* End PBXProject section */

/* Begin PBXResourcesBuildPhase section */
		68937B0D28C342D600105A03 /* Resources */ = {
			isa = PBXResourcesBuildPhase;
			buildActionMask = 2147483647;
			files = (
				68937B1528C342D600105A03 /* art.scnassets in Resources */,
				68937B1F28C342D800105A03 /* LaunchScreen.storyboard in Resources */,
				68937B1C28C342D800105A03 /* Assets.xcassets in Resources */,
				68937B1A28C342D600105A03 /* Main.storyboard in Resources */,
			);
			runOnlyForDeploymentPostprocessing = 0;
		};
		68937B2228C342D800105A03 /* Resources */ = {
			isa = PBXResourcesBuildPhase;
			buildActionMask = 2147483647;
			files = (
			);
			runOnlyForDeploymentPostprocessing = 0;
		};
		68937B2C28C342D800105A03 /* Resources */ = {
			isa = PBXResourcesBuildPhase;
			buildActionMask = 2147483647;
			files = (
			);
			runOnlyForDeploymentPostprocessing = 0;
		};
/* End PBXResourcesBuildPhase section */

/* Begin PBXSourcesBuildPhase section */
		68937B0B28C342D600105A03 /* Sources */ = {
			isa = PBXSourcesBuildPhase;
			buildActionMask = 2147483647;
			files = (
				68937B1728C342D600105A03 /* ViewController.swift in Sources */,
				68937B1328C342D600105A03 /* AppDelegate.swift in Sources */,
			);
			runOnlyForDeploymentPostprocessing = 0;
		};
		68937B2028C342D800105A03 /* Sources */ = {
			isa = PBXSourcesBuildPhase;
			buildActionMask = 2147483647;
			files = (
				68937B2928C342D800105A03 /* Hello_ARTests.swift in Sources */,
			);
			runOnlyForDeploymentPostprocessing = 0;
		};
		68937B2A28C342D800105A03 /* Sources */ = {
			isa = PBXSourcesBuildPhase;
			buildActionMask = 2147483647;
			files = (
				68937B3528C342D800105A03 /* Hello_ARUITestsLaunchTests.swift in Sources */,
				68937B3328C342D800105A03 /* Hello_ARUITests.swift in Sources */,
			);
			runOnlyForDeploymentPostprocessing = 0;
		};
/* End PBXSourcesBuildPhase section */

/* Begin PBXTargetDependency section */
		68937B2628C342D800105A03 /* PBXTargetDependency */ = {
			isa = PBXTargetDependency;
			target = 68937B0E28C342D600105A03 /* Hello-AR */;
			targetProxy = 68937B2528C342D800105A03 /* PBXContainerItemProxy */;
		};
		68937B3028C342D800105A03 /* PBXTargetDependency */ = {
			isa = PBXTargetDependency;
			target = 68937B0E28C342D600105A03 /* Hello-AR */;
			targetProxy = 68937B2F28C342D800105A03 /* PBXContainerItemProxy */;
		};
/* End PBXTargetDependency section */

/* Begin PBXVariantGroup section */
		68937B1828C342D600105A03 /* Main.storyboard */ = {
			isa = PBXVariantGroup;
			children = (
				68937B1928C342D600105A03 /* Base */,
			);
			name = Main.storyboard;
			sourceTree = "<group>";
		};
		68937B1D28C342D800105A03 /* LaunchScreen.storyboard */ = {
			isa = PBXVariantGroup;
			children = (
				68937B1E28C342D800105A03 /* Base */,
			);
			name = LaunchScreen.storyboard;
			sourceTree = "<group>";
		};
/* End PBXVariantGroup section */

/* Begin XCBuildConfiguration section */
		68937B3628C342D800105A03 /* Debug */ = {
			isa = XCBuildConfiguration;
			buildSettings = {
				ALWAYS_SEARCH_USER_PATHS = NO;
				CLANG_ANALYZER_NONNULL = YES;
				CLANG_ANALYZER_NUMBER_OBJECT_CONVERSION = YES_AGGRESSIVE;
				CLANG_CXX_LANGUAGE_STANDARD = "gnu++17";
				CLANG_ENABLE_MODULES = YES;
				CLANG_ENABLE_OBJC_ARC = YES;
				CLANG_ENABLE_OBJC_WEAK = YES;
				CLANG_WARN_BLOCK_CAPTURE_AUTORELEASING = YES;
				CLANG_WARN_BOOL_CONVERSION = YES;
				CLANG_WARN_COMMA = YES;
				CLANG_WARN_CONSTANT_CONVERSION = YES;
				CLANG_WARN_DEPRECATED_OBJC_IMPLEMENTATIONS = YES;
				CLANG_WARN_DIRECT_OBJC_ISA_USAGE = YES_ERROR;
				CLANG_WARN_DOCUMENTATION_COMMENTS = YES;
				CLANG_WARN_EMPTY_BODY = YES;
				CLANG_WARN_ENUM_CONVERSION = YES;
				CLANG_WARN_INFINITE_RECURSION = YES;
				CLANG_WARN_INT_CONVERSION = YES;
				CLANG_WARN_NON_LITERAL_NULL_CONVERSION = YES;
				CLANG_WARN_OBJC_IMPLICIT_RETAIN_SELF = YES;
				CLANG_WARN_OBJC_LITERAL_CONVERSION = YES;
				CLANG_WARN_OBJC_ROOT_CLASS = YES_ERROR;
				CLANG_WARN_QUOTED_INCLUDE_IN_FRAMEWORK_HEADER = YES;
				CLANG_WARN_RANGE_LOOP_ANALYSIS = YES;
				CLANG_WARN_STRICT_PROTOTYPES = YES;
				CLANG_WARN_SUSPICIOUS_MOVE = YES;
				CLANG_WARN_UNGUARDED_AVAILABILITY = YES_AGGRESSIVE;
				CLANG_WARN_UNREACHABLE_CODE = YES;
				CLANG_WARN__DUPLICATE_METHOD_MATCH = YES;
				COPY_PHASE_STRIP = NO;
				DEBUG_INFORMATION_FORMAT = dwarf;
				ENABLE_STRICT_OBJC_MSGSEND = YES;
				ENABLE_TESTABILITY = YES;
				GCC_C_LANGUAGE_STANDARD = gnu11;
				GCC_DYNAMIC_NO_PIC = NO;
				GCC_NO_COMMON_BLOCKS = YES;
				GCC_OPTIMIZATION_LEVEL = 0;
				GCC_PREPROCESSOR_DEFINITIONS = (
					"DEBUG=1",
					"$(inherited)",
				);
				GCC_WARN_64_TO_32_BIT_CONVERSION = YES;
				GCC_WARN_ABOUT_RETURN_TYPE = YES_ERROR;
				GCC_WARN_UNDECLARED_SELECTOR = YES;
				GCC_WARN_UNINITIALIZED_AUTOS = YES_AGGRESSIVE;
				GCC_WARN_UNUSED_FUNCTION = YES;
				GCC_WARN_UNUSED_VARIABLE = YES;
				IPHONEOS_DEPLOYMENT_TARGET = 15.5;
				MTL_ENABLE_DEBUG_INFO = INCLUDE_SOURCE;
				MTL_FAST_MATH = YES;
				ONLY_ACTIVE_ARCH = YES;
				SDKROOT = iphoneos;
				SWIFT_ACTIVE_COMPILATION_CONDITIONS = DEBUG;
				SWIFT_OPTIMIZATION_LEVEL = "-Onone";
			};
			name = Debug;
		};
		68937B3728C342D800105A03 /* Release */ = {
			isa = XCBuildConfiguration;
			buildSettings = {
				ALWAYS_SEARCH_USER_PATHS = NO;
				CLANG_ANALYZER_NONNULL = YES;
				CLANG_ANALYZER_NUMBER_OBJECT_CONVERSION = YES_AGGRESSIVE;
				CLANG_CXX_LANGUAGE_STANDARD = "gnu++17";
				CLANG_ENABLE_MODULES = YES;
				CLANG_ENABLE_OBJC_ARC = YES;
				CLANG_ENABLE_OBJC_WEAK = YES;
				CLANG_WARN_BLOCK_CAPTURE_AUTORELEASING = YES;
				CLANG_WARN_BOOL_CONVERSION = YES;
				CLANG_WARN_COMMA = YES;
				CLANG_WARN_CONSTANT_CONVERSION = YES;
				CLANG_WARN_DEPRECATED_OBJC_IMPLEMENTATIONS = YES;
				CLANG_WARN_DIRECT_OBJC_ISA_USAGE = YES_ERROR;
				CLANG_WARN_DOCUMENTATION_COMMENTS = YES;
				CLANG_WARN_EMPTY_BODY = YES;
				CLANG_WARN_ENUM_CONVERSION = YES;
				CLANG_WARN_INFINITE_RECURSION = YES;
				CLANG_WARN_INT_CONVERSION = YES;
				CLANG_WARN_NON_LITERAL_NULL_CONVERSION = YES;
				CLANG_WARN_OBJC_IMPLICIT_RETAIN_SELF = YES;
				CLANG_WARN_OBJC_LITERAL_CONVERSION = YES;
				CLANG_WARN_OBJC_ROOT_CLASS = YES_ERROR;
				CLANG_WARN_QUOTED_INCLUDE_IN_FRAMEWORK_HEADER = YES;
				CLANG_WARN_RANGE_LOOP_ANALYSIS = YES;
				CLANG_WARN_STRICT_PROTOTYPES = YES;
				CLANG_WARN_SUSPICIOUS_MOVE = YES;
				CLANG_WARN_UNGUARDED_AVAILABILITY = YES_AGGRESSIVE;
				CLANG_WARN_UNREACHABLE_CODE = YES;
				CLANG_WARN__DUPLICATE_METHOD_MATCH = YES;
				COPY_PHASE_STRIP = NO;
				DEBUG_INFORMATION_FORMAT = "dwarf-with-dsym";
				ENABLE_NS_ASSERTIONS = NO;
				ENABLE_STRICT_OBJC_MSGSEND = YES;
				GCC_C_LANGUAGE_STANDARD = gnu11;
				GCC_NO_COMMON_BLOCKS = YES;
				GCC_WARN_64_TO_32_BIT_CONVERSION = YES;
				GCC_WARN_ABOUT_RETURN_TYPE = YES_ERROR;
				GCC_WARN_UNDECLARED_SELECTOR = YES;
				GCC_WARN_UNINITIALIZED_AUTOS = YES_AGGRESSIVE;
				GCC_WARN_UNUSED_FUNCTION = YES;
				GCC_WARN_UNUSED_VARIABLE = YES;
				IPHONEOS_DEPLOYMENT_TARGET = 15.5;
				MTL_ENABLE_DEBUG_INFO = NO;
				MTL_FAST_MATH = YES;
				SDKROOT = iphoneos;
				SWIFT_COMPILATION_MODE = wholemodule;
				SWIFT_OPTIMIZATION_LEVEL = "-O";
				VALIDATE_PRODUCT = YES;
			};
			name = Release;
		};
		68937B3928C342D800105A03 /* Debug */ = {
			isa = XCBuildConfiguration;
			buildSettings = {
				ASSETCATALOG_COMPILER_APPICON_NAME = AppIcon;
				ASSETCATALOG_COMPILER_GLOBAL_ACCENT_COLOR_NAME = AccentColor;
				CODE_SIGN_STYLE = Automatic;
				CURRENT_PROJECT_VERSION = 1;
				DEVELOPMENT_TEAM = N8TL6TX43M;
				GENERATE_INFOPLIST_FILE = YES;
				INFOPLIST_KEY_NSCameraUsageDescription = "";
				INFOPLIST_KEY_UIApplicationSupportsIndirectInputEvents = YES;
				INFOPLIST_KEY_UILaunchStoryboardName = LaunchScreen;
				INFOPLIST_KEY_UIMainStoryboardFile = Main;
				INFOPLIST_KEY_UIRequiredDeviceCapabilities = arkit;
				INFOPLIST_KEY_UIStatusBarHidden = YES;
				INFOPLIST_KEY_UISupportedInterfaceOrientations_iPad = "UIInterfaceOrientationPortrait UIInterfaceOrientationPortraitUpsideDown UIInterfaceOrientationLandscapeLeft UIInterfaceOrientationLandscapeRight";
				INFOPLIST_KEY_UISupportedInterfaceOrientations_iPhone = "UIInterfaceOrientationPortrait UIInterfaceOrientationLandscapeLeft UIInterfaceOrientationLandscapeRight";
				LD_RUNPATH_SEARCH_PATHS = (
					"$(inherited)",
					"@executable_path/Frameworks",
				);
				MARKETING_VERSION = 1.0;
				PRODUCT_BUNDLE_IDENTIFIER = "com.Hello-AR";
				PRODUCT_NAME = "$(TARGET_NAME)";
				SWIFT_EMIT_LOC_STRINGS = YES;
				SWIFT_VERSION = 5.0;
				TARGETED_DEVICE_FAMILY = "1,2";
			};
			name = Debug;
		};
		68937B3A28C342D800105A03 /* Release */ = {
			isa = XCBuildConfiguration;
			buildSettings = {
				ASSETCATALOG_COMPILER_APPICON_NAME = AppIcon;
				ASSETCATALOG_COMPILER_GLOBAL_ACCENT_COLOR_NAME = AccentColor;
				CODE_SIGN_STYLE = Automatic;
				CURRENT_PROJECT_VERSION = 1;
				DEVELOPMENT_TEAM = N8TL6TX43M;
				GENERATE_INFOPLIST_FILE = YES;
				INFOPLIST_KEY_NSCameraUsageDescription = "";
				INFOPLIST_KEY_UIApplicationSupportsIndirectInputEvents = YES;
				INFOPLIST_KEY_UILaunchStoryboardName = LaunchScreen;
				INFOPLIST_KEY_UIMainStoryboardFile = Main;
				INFOPLIST_KEY_UIRequiredDeviceCapabilities = arkit;
				INFOPLIST_KEY_UIStatusBarHidden = YES;
				INFOPLIST_KEY_UISupportedInterfaceOrientations_iPad = "UIInterfaceOrientationPortrait UIInterfaceOrientationPortraitUpsideDown UIInterfaceOrientationLandscapeLeft UIInterfaceOrientationLandscapeRight";
				INFOPLIST_KEY_UISupportedInterfaceOrientations_iPhone = "UIInterfaceOrientationPortrait UIInterfaceOrientationLandscapeLeft UIInterfaceOrientationLandscapeRight";
				LD_RUNPATH_SEARCH_PATHS = (
					"$(inherited)",
					"@executable_path/Frameworks",
				);
				MARKETING_VERSION = 1.0;
				PRODUCT_BUNDLE_IDENTIFIER = "com.Hello-AR";
				PRODUCT_NAME = "$(TARGET_NAME)";
				SWIFT_EMIT_LOC_STRINGS = YES;
				SWIFT_VERSION = 5.0;
				TARGETED_DEVICE_FAMILY = "1,2";
			};
			name = Release;
		};
		68937B3C28C342D800105A03 /* Debug */ = {
			isa = XCBuildConfiguration;
			buildSettings = {
				ALWAYS_EMBED_SWIFT_STANDARD_LIBRARIES = YES;
				BUNDLE_LOADER = "$(TEST_HOST)";
				CODE_SIGN_STYLE = Automatic;
				CURRENT_PROJECT_VERSION = 1;
				DEVELOPMENT_TEAM = N8TL6TX43M;
				GENERATE_INFOPLIST_FILE = YES;
				IPHONEOS_DEPLOYMENT_TARGET = 15.5;
				MARKETING_VERSION = 1.0;
				PRODUCT_BUNDLE_IDENTIFIER = "com.Hello-ARTests";
				PRODUCT_NAME = "$(TARGET_NAME)";
				SWIFT_EMIT_LOC_STRINGS = NO;
				SWIFT_VERSION = 5.0;
				TARGETED_DEVICE_FAMILY = "1,2";
				TEST_HOST = "$(BUILT_PRODUCTS_DIR)/Hello-AR.app/Hello-AR";
			};
			name = Debug;
		};
		68937B3D28C342D800105A03 /* Release */ = {
			isa = XCBuildConfiguration;
			buildSettings = {
				ALWAYS_EMBED_SWIFT_STANDARD_LIBRARIES = YES;
				BUNDLE_LOADER = "$(TEST_HOST)";
				CODE_SIGN_STYLE = Automatic;
				CURRENT_PROJECT_VERSION = 1;
				DEVELOPMENT_TEAM = N8TL6TX43M;
				GENERATE_INFOPLIST_FILE = YES;
				IPHONEOS_DEPLOYMENT_TARGET = 15.5;
				MARKETING_VERSION = 1.0;
				PRODUCT_BUNDLE_IDENTIFIER = "com.Hello-ARTests";
				PRODUCT_NAME = "$(TARGET_NAME)";
				SWIFT_EMIT_LOC_STRINGS = NO;
				SWIFT_VERSION = 5.0;
				TARGETED_DEVICE_FAMILY = "1,2";
				TEST_HOST = "$(BUILT_PRODUCTS_DIR)/Hello-AR.app/Hello-AR";
			};
			name = Release;
		};
		68937B3F28C342D800105A03 /* Debug */ = {
			isa = XCBuildConfiguration;
			buildSettings = {
				ALWAYS_EMBED_SWIFT_STANDARD_LIBRARIES = YES;
				CODE_SIGN_STYLE = Automatic;
				CURRENT_PROJECT_VERSION = 1;
				DEVELOPMENT_TEAM = N8TL6TX43M;
				GENERATE_INFOPLIST_FILE = YES;
				MARKETING_VERSION = 1.0;
				PRODUCT_BUNDLE_IDENTIFIER = "com.Hello-ARUITests";
				PRODUCT_NAME = "$(TARGET_NAME)";
				SWIFT_EMIT_LOC_STRINGS = NO;
				SWIFT_VERSION = 5.0;
				TARGETED_DEVICE_FAMILY = "1,2";
				TEST_TARGET_NAME = "Hello-AR";
			};
			name = Debug;
		};
		68937B4028C342D800105A03 /* Release */ = {
			isa = XCBuildConfiguration;
			buildSettings = {
				ALWAYS_EMBED_SWIFT_STANDARD_LIBRARIES = YES;
				CODE_SIGN_STYLE = Automatic;
				CURRENT_PROJECT_VERSION = 1;
				DEVELOPMENT_TEAM = N8TL6TX43M;
				GENERATE_INFOPLIST_FILE = YES;
				MARKETING_VERSION = 1.0;
				PRODUCT_BUNDLE_IDENTIFIER = "com.Hello-ARUITests";
				PRODUCT_NAME = "$(TARGET_NAME)";
				SWIFT_EMIT_LOC_STRINGS = NO;
				SWIFT_VERSION = 5.0;
				TARGETED_DEVICE_FAMILY = "1,2";
				TEST_TARGET_NAME = "Hello-AR";
			};
			name = Release;
		};
/* End XCBuildConfiguration section */

/* Begin XCConfigurationList section */
		68937B0A28C342D600105A03 /* Build configuration list for PBXProject "Hello-AR" */ = {
			isa = XCConfigurationList;
			buildConfigurations = (
				68937B3628C342D800105A03 /* Debug */,
				68937B3728C342D800105A03 /* Release */,
			);
			defaultConfigurationIsVisible = 0;
			defaultConfigurationName = Release;
		};
		68937B3828C342D800105A03 /* Build configuration list for PBXNativeTarget "Hello-AR" */ = {
			isa = XCConfigurationList;
			buildConfigurations = (
				68937B3928C342D800105A03 /* Debug */,
				68937B3A28C342D800105A03 /* Release */,
			);
			defaultConfigurationIsVisible = 0;
			defaultConfigurationName = Release;
		};
		68937B3B28C342D800105A03 /* Build configuration list for PBXNativeTarget "Hello-ARTests" */ = {
			isa = XCConfigurationList;
			buildConfigurations = (
				68937B3C28C342D800105A03 /* Debug */,
				68937B3D28C342D800105A03 /* Release */,
			);
			defaultConfigurationIsVisible = 0;
			defaultConfigurationName = Release;
		};
		68937B3E28C342D800105A03 /* Build configuration list for PBXNativeTarget "Hello-ARUITests" */ = {
			isa = XCConfigurationList;
			buildConfigurations = (
				68937B3F28C342D800105A03 /* Debug */,
				68937B4028C342D800105A03 /* Release */,
			);
			defaultConfigurationIsVisible = 0;
			defaultConfigurationName = Release;
		};
/* End XCConfigurationList section */
	};
	rootObject = 68937B0728C342D600105A03 /* Project object */;
}
