// !$*UTF8*$!
{
	archiveVersion = 1;
	classes = {
	};
	objectVersion = 55;
	objects = {

/* Begin PBXBuildFile section */
		68937B8928C345D100105A03 /* AppDelegate.swift in Sources */ = {isa = PBXBuildFile; fileRef = 68937B8828C345D100105A03 /* AppDelegate.swift */; };
		68937B8B28C345D100105A03 /* art.scnassets in Resources */ = {isa = PBXBuildFile; fileRef = 68937B8A28C345D100105A03 /* art.scnassets */; };
		68937B8D28C345D100105A03 /* ViewController.swift in Sources */ = {isa = PBXBuildFile; fileRef = 68937B8C28C345D100105A03 /* ViewController.swift */; };
		68937B9028C345D100105A03 /* Main.storyboard in Resources */ = {isa = PBXBuildFile; fileRef = 68937B8E28C345D100105A03 /* Main.storyboard */; };
		68937B9228C345D200105A03 /* Assets.xcassets in Resources */ = {isa = PBXBuildFile; fileRef = 68937B9128C345D200105A03 /* Assets.xcassets */; };
		68937B9528C345D200105A03 /* LaunchScreen.storyboard in Resources */ = {isa = PBXBuildFile; fileRef = 68937B9328C345D200105A03 /* LaunchScreen.storyboard */; };
		68937B9F28C345D200105A03 /* SimpleBoxTests.swift in Sources */ = {isa = PBXBuildFile; fileRef = 68937B9E28C345D200105A03 /* SimpleBoxTests.swift */; };
		68937BA928C345D200105A03 /* SimpleBoxUITests.swift in Sources */ = {isa = PBXBuildFile; fileRef = 68937BA828C345D200105A03 /* SimpleBoxUITests.swift */; };
		68937BAB28C345D200105A03 /* SimpleBoxUITestsLaunchTests.swift in Sources */ = {isa = PBXBuildFile; fileRef = 68937BAA28C345D200105A03 /* SimpleBoxUITestsLaunchTests.swift */; };
/* End PBXBuildFile section */

/* Begin PBXContainerItemProxy section */
		68937B9B28C345D200105A03 /* PBXContainerItemProxy */ = {
			isa = PBXContainerItemProxy;
			containerPortal = 68937B7D28C345D100105A03 /* Project object */;
			proxyType = 1;
			remoteGlobalIDString = 68937B8428C345D100105A03;
			remoteInfo = SimpleBox;
		};
		68937BA528C345D200105A03 /* PBXContainerItemProxy */ = {
			isa = PBXContainerItemProxy;
			containerPortal = 68937B7D28C345D100105A03 /* Project object */;
			proxyType = 1;
			remoteGlobalIDString = 68937B8428C345D100105A03;
			remoteInfo = SimpleBox;
		};
/* End PBXContainerItemProxy section */

/* Begin PBXFileReference section */
		68937B8528C345D100105A03 /* SimpleBox.app */ = {isa = PBXFileReference; explicitFileType = wrapper.application; includeInIndex = 0; path = SimpleBox.app; sourceTree = BUILT_PRODUCTS_DIR; };
		68937B8828C345D100105A03 /* AppDelegate.swift */ = {isa = PBXFileReference; lastKnownFileType = sourcecode.swift; path = AppDelegate.swift; sourceTree = "<group>"; };
		68937B8A28C345D100105A03 /* art.scnassets */ = {isa = PBXFileReference; lastKnownFileType = wrapper.scnassets; path = art.scnassets; sourceTree = "<group>"; };
		68937B8C28C345D100105A03 /* ViewController.swift */ = {isa = PBXFileReference; lastKnownFileType = sourcecode.swift; path = ViewController.swift; sourceTree = "<group>"; };
		68937B8F28C345D100105A03 /* Base */ = {isa = PBXFileReference; lastKnownFileType = file.storyboard; name = Base; path = Base.lproj/Main.storyboard; sourceTree = "<group>"; };
		68937B9128C345D200105A03 /* Assets.xcassets */ = {isa = PBXFileReference; lastKnownFileType = folder.assetcatalog; path = Assets.xcassets; sourceTree = "<group>"; };
		68937B9428C345D200105A03 /* Base */ = {isa = PBXFileReference; lastKnownFileType = file.storyboard; name = Base; path = Base.lproj/LaunchScreen.storyboard; sourceTree = "<group>"; };
		68937B9A28C345D200105A03 /* SimpleBoxTests.xctest */ = {isa = PBXFileReference; explicitFileType = wrapper.cfbundle; includeInIndex = 0; path = SimpleBoxTests.xctest; sourceTree = BUILT_PRODUCTS_DIR; };
		68937B9E28C345D200105A03 /* SimpleBoxTests.swift */ = {isa = PBXFileReference; lastKnownFileType = sourcecode.swift; path = SimpleBoxTests.swift; sourceTree = "<group>"; };
		68937BA428C345D200105A03 /* SimpleBoxUITests.xctest */ = {isa = PBXFileReference; explicitFileType = wrapper.cfbundle; includeInIndex = 0; path = SimpleBoxUITests.xctest; sourceTree = BUILT_PRODUCTS_DIR; };
		68937BA828C345D200105A03 /* SimpleBoxUITests.swift */ = {isa = PBXFileReference; lastKnownFileType = sourcecode.swift; path = SimpleBoxUITests.swift; sourceTree = "<group>"; };
		68937BAA28C345D200105A03 /* SimpleBoxUITestsLaunchTests.swift */ = {isa = PBXFileReference; lastKnownFileType = sourcecode.swift; path = SimpleBoxUITestsLaunchTests.swift; sourceTree = "<group>"; };
/* End PBXFileReference section */

/* Begin PBXFrameworksBuildPhase section */
		68937B8228C345D100105A03 /* Frameworks */ = {
			isa = PBXFrameworksBuildPhase;
			buildActionMask = 2147483647;
			files = (
			);
			runOnlyForDeploymentPostprocessing = 0;
		};
		68937B9728C345D200105A03 /* Frameworks */ = {
			isa = PBXFrameworksBuildPhase;
			buildActionMask = 2147483647;
			files = (
			);
			runOnlyForDeploymentPostprocessing = 0;
		};
		68937BA128C345D200105A03 /* Frameworks */ = {
			isa = PBXFrameworksBuildPhase;
			buildActionMask = 2147483647;
			files = (
			);
			runOnlyForDeploymentPostprocessing = 0;
		};
/* End PBXFrameworksBuildPhase section */

/* Begin PBXGroup section */
		68937B7C28C345D100105A03 = {
			isa = PBXGroup;
			children = (
				68937B8728C345D100105A03 /* SimpleBox */,
				68937B9D28C345D200105A03 /* SimpleBoxTests */,
				68937BA728C345D200105A03 /* SimpleBoxUITests */,
				68937B8628C345D100105A03 /* Products */,
			);
			sourceTree = "<group>";
		};
		68937B8628C345D100105A03 /* Products */ = {
			isa = PBXGroup;
			children = (
				68937B8528C345D100105A03 /* SimpleBox.app */,
				68937B9A28C345D200105A03 /* SimpleBoxTests.xctest */,
				68937BA428C345D200105A03 /* SimpleBoxUITests.xctest */,
			);
			name = Products;
			sourceTree = "<group>";
		};
		68937B8728C345D100105A03 /* SimpleBox */ = {
			isa = PBXGroup;
			children = (
				68937B8828C345D100105A03 /* AppDelegate.swift */,
				68937B8A28C345D100105A03 /* art.scnassets */,
				68937B8C28C345D100105A03 /* ViewController.swift */,
				68937B8E28C345D100105A03 /* Main.storyboard */,
				68937B9128C345D200105A03 /* Assets.xcassets */,
				68937B9328C345D200105A03 /* LaunchScreen.storyboard */,
			);
			path = SimpleBox;
			sourceTree = "<group>";
		};
		68937B9D28C345D200105A03 /* SimpleBoxTests */ = {
			isa = PBXGroup;
			children = (
				68937B9E28C345D200105A03 /* SimpleBoxTests.swift */,
			);
			path = SimpleBoxTests;
			sourceTree = "<group>";
		};
		68937BA728C345D200105A03 /* SimpleBoxUITests */ = {
			isa = PBXGroup;
			children = (
				68937BA828C345D200105A03 /* SimpleBoxUITests.swift */,
				68937BAA28C345D200105A03 /* SimpleBoxUITestsLaunchTests.swift */,
			);
			path = SimpleBoxUITests;
			sourceTree = "<group>";
		};
/* End PBXGroup section */

/* Begin PBXNativeTarget section */
		68937B8428C345D100105A03 /* SimpleBox */ = {
			isa = PBXNativeTarget;
			buildConfigurationList = 68937BAE28C345D200105A03 /* Build configuration list for PBXNativeTarget "SimpleBox" */;
			buildPhases = (
				68937B8128C345D100105A03 /* Sources */,
				68937B8228C345D100105A03 /* Frameworks */,
				68937B8328C345D100105A03 /* Resources */,
			);
			buildRules = (
			);
			dependencies = (
			);
			name = SimpleBox;
			productName = SimpleBox;
			productReference = 68937B8528C345D100105A03 /* SimpleBox.app */;
			productType = "com.apple.product-type.application";
		};
		68937B9928C345D200105A03 /* SimpleBoxTests */ = {
			isa = PBXNativeTarget;
			buildConfigurationList = 68937BB128C345D200105A03 /* Build configuration list for PBXNativeTarget "SimpleBoxTests" */;
			buildPhases = (
				68937B9628C345D200105A03 /* Sources */,
				68937B9728C345D200105A03 /* Frameworks */,
				68937B9828C345D200105A03 /* Resources */,
			);
			buildRules = (
			);
			dependencies = (
				68937B9C28C345D200105A03 /* PBXTargetDependency */,
			);
			name = SimpleBoxTests;
			productName = SimpleBoxTests;
			productReference = 68937B9A28C345D200105A03 /* SimpleBoxTests.xctest */;
			productType = "com.apple.product-type.bundle.unit-test";
		};
		68937BA328C345D200105A03 /* SimpleBoxUITests */ = {
			isa = PBXNativeTarget;
			buildConfigurationList = 68937BB428C345D200105A03 /* Build configuration list for PBXNativeTarget "SimpleBoxUITests" */;
			buildPhases = (
				68937BA028C345D200105A03 /* Sources */,
				68937BA128C345D200105A03 /* Frameworks */,
				68937BA228C345D200105A03 /* Resources */,
			);
			buildRules = (
			);
			dependencies = (
				68937BA628C345D200105A03 /* PBXTargetDependency */,
			);
			name = SimpleBoxUITests;
			productName = SimpleBoxUITests;
			productReference = 68937BA428C345D200105A03 /* SimpleBoxUITests.xctest */;
			productType = "com.apple.product-type.bundle.ui-testing";
		};
/* End PBXNativeTarget section */

/* Begin PBXProject section */
		68937B7D28C345D100105A03 /* Project object */ = {
			isa = PBXProject;
			attributes = {
				BuildIndependentTargetsInParallel = 1;
				LastSwiftUpdateCheck = 1340;
				LastUpgradeCheck = 1340;
				TargetAttributes = {
					68937B8428C345D100105A03 = {
						CreatedOnToolsVersion = 13.4.1;
					};
					68937B9928C345D200105A03 = {
						CreatedOnToolsVersion = 13.4.1;
						TestTargetID = 68937B8428C345D100105A03;
					};
					68937BA328C345D200105A03 = {
						CreatedOnToolsVersion = 13.4.1;
						TestTargetID = 68937B8428C345D100105A03;
					};
				};
			};
			buildConfigurationList = 68937B8028C345D100105A03 /* Build configuration list for PBXProject "SimpleBox" */;
			compatibilityVersion = "Xcode 13.0";
			developmentRegion = en;
			hasScannedForEncodings = 0;
			knownRegions = (
				en,
				Base,
			);
			mainGroup = 68937B7C28C345D100105A03;
			productRefGroup = 68937B8628C345D100105A03 /* Products */;
			projectDirPath = "";
			projectRoot = "";
			targets = (
				68937B8428C345D100105A03 /* SimpleBox */,
				68937B9928C345D200105A03 /* SimpleBoxTests */,
				68937BA328C345D200105A03 /* SimpleBoxUITests */,
			);
		};
/* End PBXProject section */

/* Begin PBXResourcesBuildPhase section */
		68937B8328C345D100105A03 /* Resources */ = {
			isa = PBXResourcesBuildPhase;
			buildActionMask = 2147483647;
			files = (
				68937B8B28C345D100105A03 /* art.scnassets in Resources */,
				68937B9528C345D200105A03 /* LaunchScreen.storyboard in Resources */,
				68937B9228C345D200105A03 /* Assets.xcassets in Resources */,
				68937B9028C345D100105A03 /* Main.storyboard in Resources */,
			);
			runOnlyForDeploymentPostprocessing = 0;
		};
		68937B9828C345D200105A03 /* Resources */ = {
			isa = PBXResourcesBuildPhase;
			buildActionMask = 2147483647;
			files = (
			);
			runOnlyForDeploymentPostprocessing = 0;
		};
		68937BA228C345D200105A03 /* Resources */ = {
			isa = PBXResourcesBuildPhase;
			buildActionMask = 2147483647;
			files = (
			);
			runOnlyForDeploymentPostprocessing = 0;
		};
/* End PBXResourcesBuildPhase section */

/* Begin PBXSourcesBuildPhase section */
		68937B8128C345D100105A03 /* Sources */ = {
			isa = PBXSourcesBuildPhase;
			buildActionMask = 2147483647;
			files = (
				68937B8D28C345D100105A03 /* ViewController.swift in Sources */,
				68937B8928C345D100105A03 /* AppDelegate.swift in Sources */,
			);
			runOnlyForDeploymentPostprocessing = 0;
		};
		68937B9628C345D200105A03 /* Sources */ = {
			isa = PBXSourcesBuildPhase;
			buildActionMask = 2147483647;
			files = (
				68937B9F28C345D200105A03 /* SimpleBoxTests.swift in Sources */,
			);
			runOnlyForDeploymentPostprocessing = 0;
		};
		68937BA028C345D200105A03 /* Sources */ = {
			isa = PBXSourcesBuildPhase;
			buildActionMask = 2147483647;
			files = (
				68937BAB28C345D200105A03 /* SimpleBoxUITestsLaunchTests.swift in Sources */,
				68937BA928C345D200105A03 /* SimpleBoxUITests.swift in Sources */,
			);
			runOnlyForDeploymentPostprocessing = 0;
		};
/* End PBXSourcesBuildPhase section */

/* Begin PBXTargetDependency section */
		68937B9C28C345D200105A03 /* PBXTargetDependency */ = {
			isa = PBXTargetDependency;
			target = 68937B8428C345D100105A03 /* SimpleBox */;
			targetProxy = 68937B9B28C345D200105A03 /* PBXContainerItemProxy */;
		};
		68937BA628C345D200105A03 /* PBXTargetDependency */ = {
			isa = PBXTargetDependency;
			target = 68937B8428C345D100105A03 /* SimpleBox */;
			targetProxy = 68937BA528C345D200105A03 /* PBXContainerItemProxy */;
		};
/* End PBXTargetDependency section */

/* Begin PBXVariantGroup section */
		68937B8E28C345D100105A03 /* Main.storyboard */ = {
			isa = PBXVariantGroup;
			children = (
				68937B8F28C345D100105A03 /* Base */,
			);
			name = Main.storyboard;
			sourceTree = "<group>";
		};
		68937B9328C345D200105A03 /* LaunchScreen.storyboard */ = {
			isa = PBXVariantGroup;
			children = (
				68937B9428C345D200105A03 /* Base */,
			);
			name = LaunchScreen.storyboard;
			sourceTree = "<group>";
		};
/* End PBXVariantGroup section */

/* Begin XCBuildConfiguration section */
		68937BAC28C345D200105A03 /* Debug */ = {
			isa = XCBuildConfiguration;
			buildSettings = {
				ALWAYS_SEARCH_USER_PATHS = NO;
				CLANG_ANALYZER_NONNULL = YES;
				CLANG_ANALYZER_NUMBER_OBJECT_CONVERSION = YES_AGGRESSIVE;
				CLANG_CXX_LANGUAGE_STANDARD = "gnu++17";
				CLANG_ENABLE_MODULES = YES;
				CLANG_ENABLE_OBJC_ARC = YES;
				CLANG_ENABLE_OBJC_WEAK = YES;
				CLANG_WARN_BLOCK_CAPTURE_AUTORELEASING = YES;
				CLANG_WARN_BOOL_CONVERSION = YES;
				CLANG_WARN_COMMA = YES;
				CLANG_WARN_CONSTANT_CONVERSION = YES;
				CLANG_WARN_DEPRECATED_OBJC_IMPLEMENTATIONS = YES;
				CLANG_WARN_DIRECT_OBJC_ISA_USAGE = YES_ERROR;
				CLANG_WARN_DOCUMENTATION_COMMENTS = YES;
				CLANG_WARN_EMPTY_BODY = YES;
				CLANG_WARN_ENUM_CONVERSION = YES;
				CLANG_WARN_INFINITE_RECURSION = YES;
				CLANG_WARN_INT_CONVERSION = YES;
				CLANG_WARN_NON_LITERAL_NULL_CONVERSION = YES;
				CLANG_WARN_OBJC_IMPLICIT_RETAIN_SELF = YES;
				CLANG_WARN_OBJC_LITERAL_CONVERSION = YES;
				CLANG_WARN_OBJC_ROOT_CLASS = YES_ERROR;
				CLANG_WARN_QUOTED_INCLUDE_IN_FRAMEWORK_HEADER = YES;
				CLANG_WARN_RANGE_LOOP_ANALYSIS = YES;
				CLANG_WARN_STRICT_PROTOTYPES = YES;
				CLANG_WARN_SUSPICIOUS_MOVE = YES;
				CLANG_WARN_UNGUARDED_AVAILABILITY = YES_AGGRESSIVE;
				CLANG_WARN_UNREACHABLE_CODE = YES;
				CLANG_WARN__DUPLICATE_METHOD_MATCH = YES;
				COPY_PHASE_STRIP = NO;
				DEBUG_INFORMATION_FORMAT = dwarf;
				ENABLE_STRICT_OBJC_MSGSEND = YES;
				ENABLE_TESTABILITY = YES;
				GCC_C_LANGUAGE_STANDARD = gnu11;
				GCC_DYNAMIC_NO_PIC = NO;
				GCC_NO_COMMON_BLOCKS = YES;
				GCC_OPTIMIZATION_LEVEL = 0;
				GCC_PREPROCESSOR_DEFINITIONS = (
					"DEBUG=1",
					"$(inherited)",
				);
				GCC_WARN_64_TO_32_BIT_CONVERSION = YES;
				GCC_WARN_ABOUT_RETURN_TYPE = YES_ERROR;
				GCC_WARN_UNDECLARED_SELECTOR = YES;
				GCC_WARN_UNINITIALIZED_AUTOS = YES_AGGRESSIVE;
				GCC_WARN_UNUSED_FUNCTION = YES;
				GCC_WARN_UNUSED_VARIABLE = YES;
				IPHONEOS_DEPLOYMENT_TARGET = 15.5;
				MTL_ENABLE_DEBUG_INFO = INCLUDE_SOURCE;
				MTL_FAST_MATH = YES;
				ONLY_ACTIVE_ARCH = YES;
				SDKROOT = iphoneos;
				SWIFT_ACTIVE_COMPILATION_CONDITIONS = DEBUG;
				SWIFT_OPTIMIZATION_LEVEL = "-Onone";
			};
			name = Debug;
		};
		68937BAD28C345D200105A03 /* Release */ = {
			isa = XCBuildConfiguration;
			buildSettings = {
				ALWAYS_SEARCH_USER_PATHS = NO;
				CLANG_ANALYZER_NONNULL = YES;
				CLANG_ANALYZER_NUMBER_OBJECT_CONVERSION = YES_AGGRESSIVE;
				CLANG_CXX_LANGUAGE_STANDARD = "gnu++17";
				CLANG_ENABLE_MODULES = YES;
				CLANG_ENABLE_OBJC_ARC = YES;
				CLANG_ENABLE_OBJC_WEAK = YES;
				CLANG_WARN_BLOCK_CAPTURE_AUTORELEASING = YES;
				CLANG_WARN_BOOL_CONVERSION = YES;
				CLANG_WARN_COMMA = YES;
				CLANG_WARN_CONSTANT_CONVERSION = YES;
				CLANG_WARN_DEPRECATED_OBJC_IMPLEMENTATIONS = YES;
				CLANG_WARN_DIRECT_OBJC_ISA_USAGE = YES_ERROR;
				CLANG_WARN_DOCUMENTATION_COMMENTS = YES;
				CLANG_WARN_EMPTY_BODY = YES;
				CLANG_WARN_ENUM_CONVERSION = YES;
				CLANG_WARN_INFINITE_RECURSION = YES;
				CLANG_WARN_INT_CONVERSION = YES;
				CLANG_WARN_NON_LITERAL_NULL_CONVERSION = YES;
				CLANG_WARN_OBJC_IMPLICIT_RETAIN_SELF = YES;
				CLANG_WARN_OBJC_LITERAL_CONVERSION = YES;
				CLANG_WARN_OBJC_ROOT_CLASS = YES_ERROR;
				CLANG_WARN_QUOTED_INCLUDE_IN_FRAMEWORK_HEADER = YES;
				CLANG_WARN_RANGE_LOOP_ANALYSIS = YES;
				CLANG_WARN_STRICT_PROTOTYPES = YES;
				CLANG_WARN_SUSPICIOUS_MOVE = YES;
				CLANG_WARN_UNGUARDED_AVAILABILITY = YES_AGGRESSIVE;
				CLANG_WARN_UNREACHABLE_CODE = YES;
				CLANG_WARN__DUPLICATE_METHOD_MATCH = YES;
				COPY_PHASE_STRIP = NO;
				DEBUG_INFORMATION_FORMAT = "dwarf-with-dsym";
				ENABLE_NS_ASSERTIONS = NO;
				ENABLE_STRICT_OBJC_MSGSEND = YES;
				GCC_C_LANGUAGE_STANDARD = gnu11;
				GCC_NO_COMMON_BLOCKS = YES;
				GCC_WARN_64_TO_32_BIT_CONVERSION = YES;
				GCC_WARN_ABOUT_RETURN_TYPE = YES_ERROR;
				GCC_WARN_UNDECLARED_SELECTOR = YES;
				GCC_WARN_UNINITIALIZED_AUTOS = YES_AGGRESSIVE;
				GCC_WARN_UNUSED_FUNCTION = YES;
				GCC_WARN_UNUSED_VARIABLE = YES;
				IPHONEOS_DEPLOYMENT_TARGET = 15.5;
				MTL_ENABLE_DEBUG_INFO = NO;
				MTL_FAST_MATH = YES;
				SDKROOT = iphoneos;
				SWIFT_COMPILATION_MODE = wholemodule;
				SWIFT_OPTIMIZATION_LEVEL = "-O";
				VALIDATE_PRODUCT = YES;
			};
			name = Release;
		};
		68937BAF28C345D200105A03 /* Debug */ = {
			isa = XCBuildConfiguration;
			buildSettings = {
				ASSETCATALOG_COMPILER_APPICON_NAME = AppIcon;
				ASSETCATALOG_COMPILER_GLOBAL_ACCENT_COLOR_NAME = AccentColor;
				CODE_SIGN_STYLE = Automatic;
				CURRENT_PROJECT_VERSION = 1;
				DEVELOPMENT_TEAM = N8TL6TX43M;
				GENERATE_INFOPLIST_FILE = YES;
				INFOPLIST_KEY_NSCameraUsageDescription = "";
				INFOPLIST_KEY_UIApplicationSupportsIndirectInputEvents = YES;
				INFOPLIST_KEY_UILaunchStoryboardName = LaunchScreen;
				INFOPLIST_KEY_UIMainStoryboardFile = Main;
				INFOPLIST_KEY_UIRequiredDeviceCapabilities = arkit;
				INFOPLIST_KEY_UIStatusBarHidden = YES;
				INFOPLIST_KEY_UISupportedInterfaceOrientations_iPad = "UIInterfaceOrientationPortrait UIInterfaceOrientationPortraitUpsideDown UIInterfaceOrientationLandscapeLeft UIInterfaceOrientationLandscapeRight";
				INFOPLIST_KEY_UISupportedInterfaceOrientations_iPhone = "UIInterfaceOrientationPortrait UIInterfaceOrientationLandscapeLeft UIInterfaceOrientationLandscapeRight";
				LD_RUNPATH_SEARCH_PATHS = (
					"$(inherited)",
					"@executable_path/Frameworks",
				);
				MARKETING_VERSION = 1.0;
				PRODUCT_BUNDLE_IDENTIFIER = com.SimpleBox;
				PRODUCT_NAME = "$(TARGET_NAME)";
				SWIFT_EMIT_LOC_STRINGS = YES;
				SWIFT_VERSION = 5.0;
				TARGETED_DEVICE_FAMILY = "1,2";
			};
			name = Debug;
		};
		68937BB028C345D200105A03 /* Release */ = {
			isa = XCBuildConfiguration;
			buildSettings = {
				ASSETCATALOG_COMPILER_APPICON_NAME = AppIcon;
				ASSETCATALOG_COMPILER_GLOBAL_ACCENT_COLOR_NAME = AccentColor;
				CODE_SIGN_STYLE = Automatic;
				CURRENT_PROJECT_VERSION = 1;
				DEVELOPMENT_TEAM = N8TL6TX43M;
				GENERATE_INFOPLIST_FILE = YES;
				INFOPLIST_KEY_NSCameraUsageDescription = "";
				INFOPLIST_KEY_UIApplicationSupportsIndirectInputEvents = YES;
				INFOPLIST_KEY_UILaunchStoryboardName = LaunchScreen;
				INFOPLIST_KEY_UIMainStoryboardFile = Main;
				INFOPLIST_KEY_UIRequiredDeviceCapabilities = arkit;
				INFOPLIST_KEY_UIStatusBarHidden = YES;
				INFOPLIST_KEY_UISupportedInterfaceOrientations_iPad = "UIInterfaceOrientationPortrait UIInterfaceOrientationPortraitUpsideDown UIInterfaceOrientationLandscapeLeft UIInterfaceOrientationLandscapeRight";
				INFOPLIST_KEY_UISupportedInterfaceOrientations_iPhone = "UIInterfaceOrientationPortrait UIInterfaceOrientationLandscapeLeft UIInterfaceOrientationLandscapeRight";
				LD_RUNPATH_SEARCH_PATHS = (
					"$(inherited)",
					"@executable_path/Frameworks",
				);
				MARKETING_VERSION = 1.0;
				PRODUCT_BUNDLE_IDENTIFIER = com.SimpleBox;
				PRODUCT_NAME = "$(TARGET_NAME)";
				SWIFT_EMIT_LOC_STRINGS = YES;
				SWIFT_VERSION = 5.0;
				TARGETED_DEVICE_FAMILY = "1,2";
			};
			name = Release;
		};
		68937BB228C345D200105A03 /* Debug */ = {
			isa = XCBuildConfiguration;
			buildSettings = {
				ALWAYS_EMBED_SWIFT_STANDARD_LIBRARIES = YES;
				BUNDLE_LOADER = "$(TEST_HOST)";
				CODE_SIGN_STYLE = Automatic;
				CURRENT_PROJECT_VERSION = 1;
				DEVELOPMENT_TEAM = N8TL6TX43M;
				GENERATE_INFOPLIST_FILE = YES;
				IPHONEOS_DEPLOYMENT_TARGET = 15.5;
				MARKETING_VERSION = 1.0;
				PRODUCT_BUNDLE_IDENTIFIER = com.SimpleBoxTests;
				PRODUCT_NAME = "$(TARGET_NAME)";
				SWIFT_EMIT_LOC_STRINGS = NO;
				SWIFT_VERSION = 5.0;
				TARGETED_DEVICE_FAMILY = "1,2";
				TEST_HOST = "$(BUILT_PRODUCTS_DIR)/SimpleBox.app/SimpleBox";
			};
			name = Debug;
		};
		68937BB328C345D200105A03 /* Release */ = {
			isa = XCBuildConfiguration;
			buildSettings = {
				ALWAYS_EMBED_SWIFT_STANDARD_LIBRARIES = YES;
				BUNDLE_LOADER = "$(TEST_HOST)";
				CODE_SIGN_STYLE = Automatic;
				CURRENT_PROJECT_VERSION = 1;
				DEVELOPMENT_TEAM = N8TL6TX43M;
				GENERATE_INFOPLIST_FILE = YES;
				IPHONEOS_DEPLOYMENT_TARGET = 15.5;
				MARKETING_VERSION = 1.0;
				PRODUCT_BUNDLE_IDENTIFIER = com.SimpleBoxTests;
				PRODUCT_NAME = "$(TARGET_NAME)";
				SWIFT_EMIT_LOC_STRINGS = NO;
				SWIFT_VERSION = 5.0;
				TARGETED_DEVICE_FAMILY = "1,2";
				TEST_HOST = "$(BUILT_PRODUCTS_DIR)/SimpleBox.app/SimpleBox";
			};
			name = Release;
		};
		68937BB528C345D200105A03 /* Debug */ = {
			isa = XCBuildConfiguration;
			buildSettings = {
				ALWAYS_EMBED_SWIFT_STANDARD_LIBRARIES = YES;
				CODE_SIGN_STYLE = Automatic;
				CURRENT_PROJECT_VERSION = 1;
				DEVELOPMENT_TEAM = N8TL6TX43M;
				GENERATE_INFOPLIST_FILE = YES;
				MARKETING_VERSION = 1.0;
				PRODUCT_BUNDLE_IDENTIFIER = com.SimpleBoxUITests;
				PRODUCT_NAME = "$(TARGET_NAME)";
				SWIFT_EMIT_LOC_STRINGS = NO;
				SWIFT_VERSION = 5.0;
				TARGETED_DEVICE_FAMILY = "1,2";
				TEST_TARGET_NAME = SimpleBox;
			};
			name = Debug;
		};
		68937BB628C345D200105A03 /* Release */ = {
			isa = XCBuildConfiguration;
			buildSettings = {
				ALWAYS_EMBED_SWIFT_STANDARD_LIBRARIES = YES;
				CODE_SIGN_STYLE = Automatic;
				CURRENT_PROJECT_VERSION = 1;
				DEVELOPMENT_TEAM = N8TL6TX43M;
				GENERATE_INFOPLIST_FILE = YES;
				MARKETING_VERSION = 1.0;
				PRODUCT_BUNDLE_IDENTIFIER = com.SimpleBoxUITests;
				PRODUCT_NAME = "$(TARGET_NAME)";
				SWIFT_EMIT_LOC_STRINGS = NO;
				SWIFT_VERSION = 5.0;
				TARGETED_DEVICE_FAMILY = "1,2";
				TEST_TARGET_NAME = SimpleBox;
			};
			name = Release;
		};
/* End XCBuildConfiguration section */

/* Begin XCConfigurationList section */
		68937B8028C345D100105A03 /* Build configuration list for PBXProject "SimpleBox" */ = {
			isa = XCConfigurationList;
			buildConfigurations = (
				68937BAC28C345D200105A03 /* Debug */,
				68937BAD28C345D200105A03 /* Release */,
			);
			defaultConfigurationIsVisible = 0;
			defaultConfigurationName = Release;
		};
		68937BAE28C345D200105A03 /* Build configuration list for PBXNativeTarget "SimpleBox" */ = {
			isa = XCConfigurationList;
			buildConfigurations = (
				68937BAF28C345D200105A03 /* Debug */,
				68937BB028C345D200105A03 /* Release */,
			);
			defaultConfigurationIsVisible = 0;
			defaultConfigurationName = Release;
		};
		68937BB128C345D200105A03 /* Build configuration list for PBXNativeTarget "SimpleBoxTests" */ = {
			isa = XCConfigurationList;
			buildConfigurations = (
				68937BB228C345D200105A03 /* Debug */,
				68937BB328C345D200105A03 /* Release */,
			);
			defaultConfigurationIsVisible = 0;
			defaultConfigurationName = Release;
		};
		68937BB428C345D200105A03 /* Build configuration list for PBXNativeTarget "SimpleBoxUITests" */ = {
			isa = XCConfigurationList;
			buildConfigurations = (
				68937BB528C345D200105A03 /* Debug */,
				68937BB628C345D200105A03 /* Release */,
			);
			defaultConfigurationIsVisible = 0;
			defaultConfigurationName = Release;
		};
/* End XCConfigurationList section */
	};
	rootObject = 68937B7D28C345D100105A03 /* Project object */;
}
